{
    "_readme": [
        "This file locks the dependencies of your project to a known state",
        "Read more about it at https://getcomposer.org/doc/01-basic-usage.md#installing-dependencies",
        "This file is @generated automatically"
    ],
    "content-hash": "784d5ebd2bff0aab5cf5f8ca285bd976",
    "packages": [
        {
            "name": "codew/complex",
            "version": "dev-master",
            "source": {
                "type": "git",
                "url": "https://github.com/ianpatricck/complex.git",
                "reference": "c801d690516ce437864574c00e5d0b631b199140"
            },
            "dist": {
                "type": "zip",
                "url": "https://api.github.com/repos/ianpatricck/complex/zipball/c801d690516ce437864574c00e5d0b631b199140",
                "reference": "c801d690516ce437864574c00e5d0b631b199140",
                "shasum": ""
            },
            "require": {
                "php": "^7.0.0"
            },
            "type": "component",
            "notification-url": "https://packagist.org/downloads/",
            "license": [
                "MIT"
            ],
            "authors": [
                {
                    "name": "Ian Patrick",
                    "email": "contatoianpatrick@gmail.com"
                }
            ],
            "description": "Complement for Codew",
            "time": "2020-09-15T20:19:01+00:00"
        }
    ],
    "packages-dev": [],
    "aliases": [],
    "minimum-stability": "stable",
    "stability-flags": {
        "codew/complex": 20
    },
    "prefer-stable": false,
    "prefer-lowest": false,
    "platform": {
        "php": "^7.0.0"
    },
    "platform-dev": []
}
